// !$*UTF8*$!
{
	archiveVersion = 1;
	classes = {
	};
	objectVersion = 56;
	objects = {

/* Begin PBXFileReference section */
		46AD4FD62A9416A000FDE764 /* NumeroUno.swift */ = {isa = PBXFileReference; lastKnownFileType = sourcecode.swift; path = NumeroUno.swift; sourceTree = "<group>"; };
/* End PBXFileReference section */

/* Begin PBXGroup section */
		46AD4FCF2A94169800FDE764 = {
			isa = PBXGroup;
			children = (
				46AD4FD62A9416A000FDE764 /* NumeroUno.swift */,
			);
			sourceTree = "<group>";
		};
/* End PBXGroup section */

/* Begin PBXProject section */
		46AD4FD02A94169800FDE764 /* Project object */ = {
			isa = PBXProject;
			attributes = {
				BuildIndependentTargetsInParallel = 1;
				LastUpgradeCheck = 1420;
			};
			buildConfigurationList = 46AD4FD32A94169800FDE764 /* Build configuration list for PBXProject "Module10-Project1-NumeroUno" */;
			compatibilityVersion = "Xcode 14.0";
			developmentRegion = en;
			hasScannedForEncodings = 0;
			knownRegions = (
				en,
				Base,
			);
			mainGroup = 46AD4FCF2A94169800FDE764;
			projectDirPath = "";
			projectRoot = "";
			targets = (
			);
		};
/* End PBXProject section */

/* Begin XCBuildConfiguration section */
		46AD4FD42A94169800FDE764 /* Debug */ = {
			isa = XCBuildConfiguration;
			buildSettings = {
			};
			name = Debug;
		};
		46AD4FD52A94169800FDE764 /* Release */ = {
			isa = XCBuildConfiguration;
			buildSettings = {
			};
			name = Release;
		};
/* End XCBuildConfiguration section */

/* Begin XCConfigurationList section */
		46AD4FD32A94169800FDE764 /* Build configuration list for PBXProject "Module10-Project1-NumeroUno" */ = {
			isa = XCConfigurationList;
			buildConfigurations = (
				46AD4FD42A94169800FDE764 /* Debug */,
				46AD4FD52A94169800FDE764 /* Release */,
			);
			defaultConfigurationIsVisible = 0;
			defaultConfigurationName = Release;
		};
/* End XCConfigurationList section */
	};
	rootObject = 46AD4FD02A94169800FDE764 /* Project object */;
}
