// !$*UTF8*$!
{
	archiveVersion = 1;
	classes = {
	};
	objectVersion = 56;
	objects = {

/* Begin PBXFileReference section */
		46AD50122A941C8400FDE764 /* Calculator.swift */ = {isa = PBXFileReference; lastKnownFileType = sourcecode.swift; path = Calculator.swift; sourceTree = "<group>"; };
/* End PBXFileReference section */

/* Begin PBXGroup section */
		46AD500B2A941C7D00FDE764 = {
			isa = PBXGroup;
			children = (
				46AD50122A941C8400FDE764 /* Calculator.swift */,
			);
			sourceTree = "<group>";
		};
/* End PBXGroup section */

/* Begin PBXProject section */
		46AD500C2A941C7D00FDE764 /* Project object */ = {
			isa = PBXProject;
			attributes = {
				BuildIndependentTargetsInParallel = 1;
				LastUpgradeCheck = 1420;
			};
			buildConfigurationList = 46AD500F2A941C7D00FDE764 /* Build configuration list for PBXProject "Module11-Project1-Calculator" */;
			compatibilityVersion = "Xcode 14.0";
			developmentRegion = en;
			hasScannedForEncodings = 0;
			knownRegions = (
				en,
				Base,
			);
			mainGroup = 46AD500B2A941C7D00FDE764;
			projectDirPath = "";
			projectRoot = "";
			targets = (
			);
		};
/* End PBXProject section */

/* Begin XCBuildConfiguration section */
		46AD50102A941C7D00FDE764 /* Debug */ = {
			isa = XCBuildConfiguration;
			buildSettings = {
			};
			name = Debug;
		};
		46AD50112A941C7D00FDE764 /* Release */ = {
			isa = XCBuildConfiguration;
			buildSettings = {
			};
			name = Release;
		};
/* End XCBuildConfiguration section */

/* Begin XCConfigurationList section */
		46AD500F2A941C7D00FDE764 /* Build configuration list for PBXProject "Module11-Project1-Calculator" */ = {
			isa = XCConfigurationList;
			buildConfigurations = (
				46AD50102A941C7D00FDE764 /* Debug */,
				46AD50112A941C7D00FDE764 /* Release */,
			);
			defaultConfigurationIsVisible = 0;
			defaultConfigurationName = Release;
		};
/* End XCConfigurationList section */
	};
	rootObject = 46AD500C2A941C7D00FDE764 /* Project object */;
}
