// !$*UTF8*$!
{
	archiveVersion = 1;
	classes = {
	};
	objectVersion = 56;
	objects = {

/* Begin PBXFileReference section */
		46AD503C2A94242600FDE764 /* SchoolDatabase.swift */ = {isa = PBXFileReference; lastKnownFileType = sourcecode.swift; path = SchoolDatabase.swift; sourceTree = "<group>"; };
/* End PBXFileReference section */

/* Begin PBXGroup section */
		46AD50352A94241C00FDE764 = {
			isa = PBXGroup;
			children = (
				46AD503C2A94242600FDE764 /* SchoolDatabase.swift */,
			);
			sourceTree = "<group>";
		};
/* End PBXGroup section */

/* Begin PBXProject section */
		46AD50362A94241C00FDE764 /* Project object */ = {
			isa = PBXProject;
			attributes = {
				BuildIndependentTargetsInParallel = 1;
				LastUpgradeCheck = 1420;
			};
			buildConfigurationList = 46AD50392A94241C00FDE764 /* Build configuration list for PBXProject "Module12-Project1-SchoolDatabase" */;
			compatibilityVersion = "Xcode 14.0";
			developmentRegion = en;
			hasScannedForEncodings = 0;
			knownRegions = (
				en,
				Base,
			);
			mainGroup = 46AD50352A94241C00FDE764;
			projectDirPath = "";
			projectRoot = "";
			targets = (
			);
		};
/* End PBXProject section */

/* Begin XCBuildConfiguration section */
		46AD503A2A94241C00FDE764 /* Debug */ = {
			isa = XCBuildConfiguration;
			buildSettings = {
			};
			name = Debug;
		};
		46AD503B2A94241C00FDE764 /* Release */ = {
			isa = XCBuildConfiguration;
			buildSettings = {
			};
			name = Release;
		};
/* End XCBuildConfiguration section */

/* Begin XCConfigurationList section */
		46AD50392A94241C00FDE764 /* Build configuration list for PBXProject "Module12-Project1-SchoolDatabase" */ = {
			isa = XCConfigurationList;
			buildConfigurations = (
				46AD503A2A94241C00FDE764 /* Debug */,
				46AD503B2A94241C00FDE764 /* Release */,
			);
			defaultConfigurationIsVisible = 0;
			defaultConfigurationName = Release;
		};
/* End XCConfigurationList section */
	};
	rootObject = 46AD50362A94241C00FDE764 /* Project object */;
}
